
Microsoft Visual Studio Solution File, Format Version 11.00
# Visual Studio 2010
Project("{FAE04EC0-301F-11D3-BF4B-00C04F79EFBC}") = "Unity.Timeline", "Unity.Timeline.csproj", "{d8aa5472-843d-fdc8-f065-b4812c55d5d5}"
EndProject
Project("{FAE04EC0-301F-11D3-BF4B-00C04F79EFBC}") = "Unity.Timeline.Editor", "Unity.Timeline.Editor.csproj", "{3ff29bde-d8a7-22e8-2439-526c199d5015}"
EndProject
Project("{FAE04EC0-301F-11D3-BF4B-00C04F79EFBC}") = "Unity.ShaderGraph.Editor", "Unity.ShaderGraph.Editor.csproj", "{41954146-6be4-1f87-12b1-2c8a9548878b}"
EndProject
Project("{FAE04EC0-301F-11D3-BF4B-00C04F79EFBC}") = "Unity.RenderPipelines.Universal.Editor", "Unity.RenderPipelines.Universal.Editor.csproj", "{43779a2e-678b-baf1-f464-1cfb09c25904}"
EndProject
Project("{FAE04EC0-301F-11D3-BF4B-00C04F79EFBC}") = "Unity.TextMeshPro.Editor", "Unity.TextMeshPro.Editor.csproj", "{efd799f9-ff77-76ec-0bba-f1dff70ab557}"
EndProject
Project("{FAE04EC0-301F-11D3-BF4B-00C04F79EFBC}") = "Unity.PlasticSCM.Editor", "Unity.PlasticSCM.Editor.csproj", "{c3b82be0-2163-80e5-0029-45f4a39e3eba}"
EndProject
Project("{FAE04EC0-301F-11D3-BF4B-00C04F79EFBC}") = "Unity.VisualScripting.Flow", "Unity.VisualScripting.Flow.csproj", "{6b07f8b4-19b1-42c4-5b03-f6eb0c6dab2f}"
EndProject
Project("{FAE04EC0-301F-11D3-BF4B-00C04F79EFBC}") = "Unity.RenderPipelines.Universal.Runtime", "Unity.RenderPipelines.Universal.Runtime.csproj", "{89fd8f71-b715-c7d5-1e66-0e34e4c9ff96}"
EndProject
Project("{FAE04EC0-301F-11D3-BF4B-00C04F79EFBC}") = "UnityEditor.UI", "UnityEditor.UI.csproj", "{d90eed73-46cc-7d3d-f4fb-c5204031a6f8}"
EndProject
Project("{FAE04EC0-301F-11D3-BF4B-00C04F79EFBC}") = "Unity.RenderPipelines.Core.Runtime", "Unity.RenderPipelines.Core.Runtime.csproj", "{aea8790b-71e7-c140-c42b-cf1f992580bf}"
EndProject
Project("{FAE04EC0-301F-11D3-BF4B-00C04F79EFBC}") = "Unity.VisualScripting.Core", "Unity.VisualScripting.Core.csproj", "{d9532335-7fb6-6b1a-d39a-0eee3224956f}"
EndProject
Project("{FAE04EC0-301F-11D3-BF4B-00C04F79EFBC}") = "Unity.RenderPipelines.Core.Editor", "Unity.RenderPipelines.Core.Editor.csproj", "{22ebc43b-55a0-6a1d-bf57-17447eb79516}"
EndProject
Project("{FAE04EC0-301F-11D3-BF4B-00C04F79EFBC}") = "Unity.Mathematics", "Unity.Mathematics.csproj", "{44a35850-16d4-b8fd-3239-5a458c7ce344}"
EndProject
Project("{FAE04EC0-301F-11D3-BF4B-00C04F79EFBC}") = "Cinemachine", "Cinemachine.csproj", "{f5827453-e400-2c11-1502-8712190a727d}"
EndProject
Project("{FAE04EC0-301F-11D3-BF4B-00C04F79EFBC}") = "Unity.VisualScripting.Core.Editor", "Unity.VisualScripting.Core.Editor.csproj", "{90ae56ea-062c-338f-c397-2d8f9d561f5a}"
EndProject
Project("{FAE04EC0-301F-11D3-BF4B-00C04F79EFBC}") = "Unity.VisualScripting.Flow.Editor", "Unity.VisualScripting.Flow.Editor.csproj", "{beaaf018-e25c-f381-bd83-d161068a137f}"
EndProject
Project("{FAE04EC0-301F-11D3-BF4B-00C04F79EFBC}") = "UnityEditor.TestRunner", "UnityEditor.TestRunner.csproj", "{d75be772-980a-498c-9fa6-ef1a92f5fd73}"
EndProject
Project("{FAE04EC0-301F-11D3-BF4B-00C04F79EFBC}") = "Unity.VisualScripting.SettingsProvider.Editor", "Unity.VisualScripting.SettingsProvider.Editor.csproj", "{6fff1060-24e3-def0-6d23-dd7b81210bc3}"
EndProject
Project("{FAE04EC0-301F-11D3-BF4B-00C04F79EFBC}") = "UnityEngine.TestRunner", "UnityEngine.TestRunner.csproj", "{509371ba-fcdd-5a19-921b-ec65a9b1c09e}"
EndProject
Project("{FAE04EC0-301F-11D3-BF4B-00C04F79EFBC}") = "Unity.Searcher.Editor", "Unity.Searcher.Editor.csproj", "{839d2060-0b7a-b572-394a-4dcdaa954786}"
EndProject
Project("{FAE04EC0-301F-11D3-BF4B-00C04F79EFBC}") = "Unity.Burst", "Unity.Burst.csproj", "{ec2290dc-c45c-d38b-deea-e237c1e20f3b}"
EndProject
Project("{FAE04EC0-301F-11D3-BF4B-00C04F79EFBC}") = "UnityEngine.UI", "UnityEngine.UI.csproj", "{5cf2276a-0e15-6584-2a7b-5fca9cb97639}"
EndProject
Project("{FAE04EC0-301F-11D3-BF4B-00C04F79EFBC}") = "Unity.VisualStudio.Editor", "Unity.VisualStudio.Editor.csproj", "{cd36f232-3668-1569-915c-c1a2e9974a60}"
EndProject
Project("{FAE04EC0-301F-11D3-BF4B-00C04F79EFBC}") = "com.unity.cinemachine.editor", "com.unity.cinemachine.editor.csproj", "{7fe02445-d9fd-0fa5-9bfd-0fe149f5022e}"
EndProject
Project("{FAE04EC0-301F-11D3-BF4B-00C04F79EFBC}") = "PPv2URPConverters", "PPv2URPConverters.csproj", "{60779319-a0fa-47c1-e375-133a388f8be5}"
EndProject
Project("{FAE04EC0-301F-11D3-BF4B-00C04F79EFBC}") = "Unity.Rider.Editor", "Unity.Rider.Editor.csproj", "{155941d6-4721-c6d0-a10e-509c5fc4694d}"
EndProject
Project("{FAE04EC0-301F-11D3-BF4B-00C04F79EFBC}") = "Unity.CollabProxy.Editor", "Unity.CollabProxy.Editor.csproj", "{7004b2fc-53d9-2838-3511-3c515177038d}"
EndProject
Project("{FAE04EC0-301F-11D3-BF4B-00C04F79EFBC}") = "Unity.VisualScripting.State.Editor", "Unity.VisualScripting.State.Editor.csproj", "{c9408f79-5b74-81e7-dbad-db0531fff60d}"
EndProject
Project("{FAE04EC0-301F-11D3-BF4B-00C04F79EFBC}") = "Unity.Burst.CodeGen", "Unity.Burst.CodeGen.csproj", "{a1eca0d5-14a0-f0b6-5e73-e8bbd968498c}"
EndProject
Project("{FAE04EC0-301F-11D3-BF4B-00C04F79EFBC}") = "Unity.RenderPipeline.Universal.ShaderLibrary", "Unity.RenderPipeline.Universal.ShaderLibrary.csproj", "{ef111b4d-3050-7c89-3fb2-679e604cdbd6}"
EndProject
Project("{FAE04EC0-301F-11D3-BF4B-00C04F79EFBC}") = "Unity.VisualScripting.State", "Unity.VisualScripting.State.csproj", "{f7445d36-53d0-6535-c597-af28b3c60c7d}"
EndProject
Project("{FAE04EC0-301F-11D3-BF4B-00C04F79EFBC}") = "Unity.TextMeshPro", "Unity.TextMeshPro.csproj", "{06b1f15a-3501-afff-4a4c-b22e7076e38a}"
EndProject
Project("{FAE04EC0-301F-11D3-BF4B-00C04F79EFBC}") = "Unity.VSCode.Editor", "Unity.VSCode.Editor.csproj", "{cfd2c66f-2906-c55e-0b15-163d558981cf}"
EndProject
Project("{FAE04EC0-301F-11D3-BF4B-00C04F79EFBC}") = "Unity.Burst.Editor", "Unity.Burst.Editor.csproj", "{bd675444-93b9-26b9-930c-fdbfca8a18d4}"
EndProject
Project("{FAE04EC0-301F-11D3-BF4B-00C04F79EFBC}") = "Unity.ShaderGraph.Utilities", "Unity.ShaderGraph.Utilities.csproj", "{d5f7e4e5-9504-a2ea-45ea-cac0a77d2860}"
EndProject
Project("{FAE04EC0-301F-11D3-BF4B-00C04F79EFBC}") = "Unity.Mathematics.Editor", "Unity.Mathematics.Editor.csproj", "{64aaff59-cdb1-4c75-a5c8-46845fbbdfe9}"
EndProject
Project("{FAE04EC0-301F-11D3-BF4B-00C04F79EFBC}") = "Assembly-CSharp", "Assembly-CSharp.csproj", "{7792127a-1d1c-deba-97bd-3b6e3a5dd5d7}"
EndProject
Project("{FAE04EC0-301F-11D3-BF4B-00C04F79EFBC}") = "Unity.VisualScripting.Shared.Editor", "Unity.VisualScripting.Shared.Editor.csproj", "{eefb62c1-b4cd-2a02-97ca-94ad0cba4a2b}"
EndProject
Project("{FAE04EC0-301F-11D3-BF4B-00C04F79EFBC}") = "Unity.RenderPipelines.ShaderGraph.ShaderGraphLibrary", "Unity.RenderPipelines.ShaderGraph.ShaderGraphLibrary.csproj", "{db9f4140-5043-27ac-3bd3-82a2188746a9}"
EndProject
Project("{FAE04EC0-301F-11D3-BF4B-00C04F79EFBC}") = "Unity.RenderPipelines.Core.ShaderLibrary", "Unity.RenderPipelines.Core.ShaderLibrary.csproj", "{4965fd80-726a-cbf1-fabb-aef3b8f1b115}"
EndProject
Project("{FAE04EC0-301F-11D3-BF4B-00C04F79EFBC}") = "Unity.RenderPipelines.Universal.Shaders", "Unity.RenderPipelines.Universal.Shaders.csproj", "{cfd4538b-754a-3e70-3993-709eef4777b7}"
EndProject
Global
	GlobalSection(SolutionConfigurationPlatforms) = preSolution
		Debug|Any CPU = Debug|Any CPU
	EndGlobalSection
	GlobalSection(ProjectConfigurationPlatforms) = postSolution
		{d8aa5472-843d-fdc8-f065-b4812c55d5d5}.Debug|Any CPU.ActiveCfg = Debug|Any CPU
		{d8aa5472-843d-fdc8-f065-b4812c55d5d5}.Debug|Any CPU.Build.0 = Debug|Any CPU
		{3ff29bde-d8a7-22e8-2439-526c199d5015}.Debug|Any CPU.ActiveCfg = Debug|Any CPU
		{3ff29bde-d8a7-22e8-2439-526c199d5015}.Debug|Any CPU.Build.0 = Debug|Any CPU
		{41954146-6be4-1f87-12b1-2c8a9548878b}.Debug|Any CPU.ActiveCfg = Debug|Any CPU
		{41954146-6be4-1f87-12b1-2c8a9548878b}.Debug|Any CPU.Build.0 = Debug|Any CPU
		{43779a2e-678b-baf1-f464-1cfb09c25904}.Debug|Any CPU.ActiveCfg = Debug|Any CPU
		{43779a2e-678b-baf1-f464-1cfb09c25904}.Debug|Any CPU.Build.0 = Debug|Any CPU
		{efd799f9-ff77-76ec-0bba-f1dff70ab557}.Debug|Any CPU.ActiveCfg = Debug|Any CPU
		{efd799f9-ff77-76ec-0bba-f1dff70ab557}.Debug|Any CPU.Build.0 = Debug|Any CPU
		{c3b82be0-2163-80e5-0029-45f4a39e3eba}.Debug|Any CPU.ActiveCfg = Debug|Any CPU
		{c3b82be0-2163-80e5-0029-45f4a39e3eba}.Debug|Any CPU.Build.0 = Debug|Any CPU
		{6b07f8b4-19b1-42c4-5b03-f6eb0c6dab2f}.Debug|Any CPU.ActiveCfg = Debug|Any CPU
		{6b07f8b4-19b1-42c4-5b03-f6eb0c6dab2f}.Debug|Any CPU.Build.0 = Debug|Any CPU
		{89fd8f71-b715-c7d5-1e66-0e34e4c9ff96}.Debug|Any CPU.ActiveCfg = Debug|Any CPU
		{89fd8f71-b715-c7d5-1e66-0e34e4c9ff96}.Debug|Any CPU.Build.0 = Debug|Any CPU
		{d90eed73-46cc-7d3d-f4fb-c5204031a6f8}.Debug|Any CPU.ActiveCfg = Debug|Any CPU
		{d90eed73-46cc-7d3d-f4fb-c5204031a6f8}.Debug|Any CPU.Build.0 = Debug|Any CPU
		{aea8790b-71e7-c140-c42b-cf1f992580bf}.Debug|Any CPU.ActiveCfg = Debug|Any CPU
		{aea8790b-71e7-c140-c42b-cf1f992580bf}.Debug|Any CPU.Build.0 = Debug|Any CPU
		{d9532335-7fb6-6b1a-d39a-0eee3224956f}.Debug|Any CPU.ActiveCfg = Debug|Any CPU
		{d9532335-7fb6-6b1a-d39a-0eee3224956f}.Debug|Any CPU.Build.0 = Debug|Any CPU
		{22ebc43b-55a0-6a1d-bf57-17447eb79516}.Debug|Any CPU.ActiveCfg = Debug|Any CPU
		{22ebc43b-55a0-6a1d-bf57-17447eb79516}.Debug|Any CPU.Build.0 = Debug|Any CPU
		{44a35850-16d4-b8fd-3239-5a458c7ce344}.Debug|Any CPU.ActiveCfg = Debug|Any CPU
		{44a35850-16d4-b8fd-3239-5a458c7ce344}.Debug|Any CPU.Build.0 = Debug|Any CPU
		{f5827453-e400-2c11-1502-8712190a727d}.Debug|Any CPU.ActiveCfg = Debug|Any CPU
		{f5827453-e400-2c11-1502-8712190a727d}.Debug|Any CPU.Build.0 = Debug|Any CPU
		{90ae56ea-062c-338f-c397-2d8f9d561f5a}.Debug|Any CPU.ActiveCfg = Debug|Any CPU
		{90ae56ea-062c-338f-c397-2d8f9d561f5a}.Debug|Any CPU.Build.0 = Debug|Any CPU
		{beaaf018-e25c-f381-bd83-d161068a137f}.Debug|Any CPU.ActiveCfg = Debug|Any CPU
		{beaaf018-e25c-f381-bd83-d161068a137f}.Debug|Any CPU.Build.0 = Debug|Any CPU
		{d75be772-980a-498c-9fa6-ef1a92f5fd73}.Debug|Any CPU.ActiveCfg = Debug|Any CPU
		{d75be772-980a-498c-9fa6-ef1a92f5fd73}.Debug|Any CPU.Build.0 = Debug|Any CPU
		{6fff1060-24e3-def0-6d23-dd7b81210bc3}.Debug|Any CPU.ActiveCfg = Debug|Any CPU
		{6fff1060-24e3-def0-6d23-dd7b81210bc3}.Debug|Any CPU.Build.0 = Debug|Any CPU
		{509371ba-fcdd-5a19-921b-ec65a9b1c09e}.Debug|Any CPU.ActiveCfg = Debug|Any CPU
		{509371ba-fcdd-5a19-921b-ec65a9b1c09e}.Debug|Any CPU.Build.0 = Debug|Any CPU
		{839d2060-0b7a-b572-394a-4dcdaa954786}.Debug|Any CPU.ActiveCfg = Debug|Any CPU
		{839d2060-0b7a-b572-394a-4dcdaa954786}.Debug|Any CPU.Build.0 = Debug|Any CPU
		{ec2290dc-c45c-d38b-deea-e237c1e20f3b}.Debug|Any CPU.ActiveCfg = Debug|Any CPU
		{ec2290dc-c45c-d38b-deea-e237c1e20f3b}.Debug|Any CPU.Build.0 = Debug|Any CPU
		{5cf2276a-0e15-6584-2a7b-5fca9cb97639}.Debug|Any CPU.ActiveCfg = Debug|Any CPU
		{5cf2276a-0e15-6584-2a7b-5fca9cb97639}.Debug|Any CPU.Build.0 = Debug|Any CPU
		{cd36f232-3668-1569-915c-c1a2e9974a60}.Debug|Any CPU.ActiveCfg = Debug|Any CPU
		{cd36f232-3668-1569-915c-c1a2e9974a60}.Debug|Any CPU.Build.0 = Debug|Any CPU
		{7fe02445-d9fd-0fa5-9bfd-0fe149f5022e}.Debug|Any CPU.ActiveCfg = Debug|Any CPU
		{7fe02445-d9fd-0fa5-9bfd-0fe149f5022e}.Debug|Any CPU.Build.0 = Debug|Any CPU
		{60779319-a0fa-47c1-e375-133a388f8be5}.Debug|Any CPU.ActiveCfg = Debug|Any CPU
		{60779319-a0fa-47c1-e375-133a388f8be5}.Debug|Any CPU.Build.0 = Debug|Any CPU
		{155941d6-4721-c6d0-a10e-509c5fc4694d}.Debug|Any CPU.ActiveCfg = Debug|Any CPU
		{155941d6-4721-c6d0-a10e-509c5fc4694d}.Debug|Any CPU.Build.0 = Debug|Any CPU
		{7004b2fc-53d9-2838-3511-3c515177038d}.Debug|Any CPU.ActiveCfg = Debug|Any CPU
		{7004b2fc-53d9-2838-3511-3c515177038d}.Debug|Any CPU.Build.0 = Debug|Any CPU
		{c9408f79-5b74-81e7-dbad-db0531fff60d}.Debug|Any CPU.ActiveCfg = Debug|Any CPU
		{c9408f79-5b74-81e7-dbad-db0531fff60d}.Debug|Any CPU.Build.0 = Debug|Any CPU
		{a1eca0d5-14a0-f0b6-5e73-e8bbd968498c}.Debug|Any CPU.ActiveCfg = Debug|Any CPU
		{a1eca0d5-14a0-f0b6-5e73-e8bbd968498c}.Debug|Any CPU.Build.0 = Debug|Any CPU
		{ef111b4d-3050-7c89-3fb2-679e604cdbd6}.Debug|Any CPU.ActiveCfg = Debug|Any CPU
		{ef111b4d-3050-7c89-3fb2-679e604cdbd6}.Debug|Any CPU.Build.0 = Debug|Any CPU
		{f7445d36-53d0-6535-c597-af28b3c60c7d}.Debug|Any CPU.ActiveCfg = Debug|Any CPU
		{f7445d36-53d0-6535-c597-af28b3c60c7d}.Debug|Any CPU.Build.0 = Debug|Any CPU
		{06b1f15a-3501-afff-4a4c-b22e7076e38a}.Debug|Any CPU.ActiveCfg = Debug|Any CPU
		{06b1f15a-3501-afff-4a4c-b22e7076e38a}.Debug|Any CPU.Build.0 = Debug|Any CPU
		{cfd2c66f-2906-c55e-0b15-163d558981cf}.Debug|Any CPU.ActiveCfg = Debug|Any CPU
		{cfd2c66f-2906-c55e-0b15-163d558981cf}.Debug|Any CPU.Build.0 = Debug|Any CPU
		{bd675444-93b9-26b9-930c-fdbfca8a18d4}.Debug|Any CPU.ActiveCfg = Debug|Any CPU
		{bd675444-93b9-26b9-930c-fdbfca8a18d4}.Debug|Any CPU.Build.0 = Debug|Any CPU
		{d5f7e4e5-9504-a2ea-45ea-cac0a77d2860}.Debug|Any CPU.ActiveCfg = Debug|Any CPU
		{d5f7e4e5-9504-a2ea-45ea-cac0a77d2860}.Debug|Any CPU.Build.0 = Debug|Any CPU
		{64aaff59-cdb1-4c75-a5c8-46845fbbdfe9}.Debug|Any CPU.ActiveCfg = Debug|Any CPU
		{64aaff59-cdb1-4c75-a5c8-46845fbbdfe9}.Debug|Any CPU.Build.0 = Debug|Any CPU
		{7792127a-1d1c-deba-97bd-3b6e3a5dd5d7}.Debug|Any CPU.ActiveCfg = Debug|Any CPU
		{7792127a-1d1c-deba-97bd-3b6e3a5dd5d7}.Debug|Any CPU.Build.0 = Debug|Any CPU
		{eefb62c1-b4cd-2a02-97ca-94ad0cba4a2b}.Debug|Any CPU.ActiveCfg = Debug|Any CPU
		{eefb62c1-b4cd-2a02-97ca-94ad0cba4a2b}.Debug|Any CPU.Build.0 = Debug|Any CPU
		{db9f4140-5043-27ac-3bd3-82a2188746a9}.Debug|Any CPU.ActiveCfg = Debug|Any CPU
		{db9f4140-5043-27ac-3bd3-82a2188746a9}.Debug|Any CPU.Build.0 = Debug|Any CPU
		{4965fd80-726a-cbf1-fabb-aef3b8f1b115}.Debug|Any CPU.ActiveCfg = Debug|Any CPU
		{4965fd80-726a-cbf1-fabb-aef3b8f1b115}.Debug|Any CPU.Build.0 = Debug|Any CPU
		{cfd4538b-754a-3e70-3993-709eef4777b7}.Debug|Any CPU.ActiveCfg = Debug|Any CPU
		{cfd4538b-754a-3e70-3993-709eef4777b7}.Debug|Any CPU.Build.0 = Debug|Any CPU
	EndGlobalSection
	GlobalSection(SolutionProperties) = preSolution
		HideSolutionNode = FALSE
	EndGlobalSection
EndGlobal
